
Microsoft Visual Studio Solution File, Format Version 12.00
# Visual Studio Version 17
VisualStudioVersion = 17.13.35828.75 d17.13
MinimumVisualStudioVersion = 10.0.40219.1
Project("{FAE04EC0-301F-11D3-BF4B-00C04F79EFBC}") = "MVC_Project_13_April", "MVC_Project_13_April.csproj", "{9CF1C16D-8888-4E2F-979D-4047B81A9142}"
EndProject
Global
	GlobalSection(SolutionConfigurationPlatforms) = preSolution
		Debug|Any CPU = Debug|Any CPU
		Release|Any CPU = Release|Any CPU
	EndGlobalSection
	GlobalSection(ProjectConfigurationPlatforms) = postSolution
		{9CF1C16D-8888-4E2F-979D-4047B81A9142}.Debug|Any CPU.ActiveCfg = Debug|Any CPU
		{9CF1C16D-8888-4E2F-979D-4047B81A9142}.Debug|Any CPU.Build.0 = Debug|Any CPU
		{9CF1C16D-8888-4E2F-979D-4047B81A9142}.Release|Any CPU.ActiveCfg = Release|Any CPU
		{9CF1C16D-8888-4E2F-979D-4047B81A9142}.Release|Any CPU.Build.0 = Release|Any CPU
	EndGlobalSection
	GlobalSection(SolutionProperties) = preSolution
		HideSolutionNode = FALSE
	EndGlobalSection
	GlobalSection(ExtensibilityGlobals) = postSolution
		SolutionGuid = {5EB04FE8-1A4C-4158-9CFB-09C0F8C75678}
	EndGlobalSection
EndGlobal
